// !$*UTF8*$!
{
	archiveVersion = 1;
	classes = {
	};
	objectVersion = 52;
	objects = {

/* Begin PBXBuildFile section */
		76837C3626D649CD00363FF2 /* AppDelegate.swift in Sources */ = {isa = PBXBuildFile; fileRef = 76837C3526D649CD00363FF2 /* AppDelegate.swift */; };
		76837C3826D649CD00363FF2 /* SceneDelegate.swift in Sources */ = {isa = PBXBuildFile; fileRef = 76837C3726D649CD00363FF2 /* SceneDelegate.swift */; };
		76837C3A26D649CD00363FF2 /* ContentView.swift in Sources */ = {isa = PBXBuildFile; fileRef = 76837C3926D649CD00363FF2 /* ContentView.swift */; };
		76837C3C26D649CF00363FF2 /* Assets.xcassets in Resources */ = {isa = PBXBuildFile; fileRef = 76837C3B26D649CF00363FF2 /* Assets.xcassets */; };
		76837C3F26D649CF00363FF2 /* Preview Assets.xcassets in Resources */ = {isa = PBXBuildFile; fileRef = 76837C3E26D649CF00363FF2 /* Preview Assets.xcassets */; };
		76837C4226D649CF00363FF2 /* LaunchScreen.storyboard in Resources */ = {isa = PBXBuildFile; fileRef = 76837C4026D649CF00363FF2 /* LaunchScreen.storyboard */; };
		76837C4E26D73D2800363FF2 /* GoogleService-Info.plist in Resources */ = {isa = PBXBuildFile; fileRef = 76837C4D26D73D2800363FF2 /* GoogleService-Info.plist */; };
		76837C5126D73E4400363FF2 /* FirebaseMessaging in Frameworks */ = {isa = PBXBuildFile; productRef = 76837C5026D73E4400363FF2 /* FirebaseMessaging */; };
		76837C5326D73E8100363FF2 /* PushNotification.swift in Sources */ = {isa = PBXBuildFile; fileRef = 76837C5226D73E8100363FF2 /* PushNotification.swift */; };
/* End PBXBuildFile section */

/* Begin PBXFileReference section */
		76837C3226D649CD00363FF2 /* TestNotification.app */ = {isa = PBXFileReference; explicitFileType = wrapper.application; includeInIndex = 0; path = TestNotification.app; sourceTree = BUILT_PRODUCTS_DIR; };
		76837C3526D649CD00363FF2 /* AppDelegate.swift */ = {isa = PBXFileReference; lastKnownFileType = sourcecode.swift; path = AppDelegate.swift; sourceTree = "<group>"; };
		76837C3726D649CD00363FF2 /* SceneDelegate.swift */ = {isa = PBXFileReference; lastKnownFileType = sourcecode.swift; path = SceneDelegate.swift; sourceTree = "<group>"; };
		76837C3926D649CD00363FF2 /* ContentView.swift */ = {isa = PBXFileReference; lastKnownFileType = sourcecode.swift; path = ContentView.swift; sourceTree = "<group>"; };
		76837C3B26D649CF00363FF2 /* Assets.xcassets */ = {isa = PBXFileReference; lastKnownFileType = folder.assetcatalog; path = Assets.xcassets; sourceTree = "<group>"; };
		76837C3E26D649CF00363FF2 /* Preview Assets.xcassets */ = {isa = PBXFileReference; lastKnownFileType = folder.assetcatalog; path = "Preview Assets.xcassets"; sourceTree = "<group>"; };
		76837C4126D649CF00363FF2 /* Base */ = {isa = PBXFileReference; lastKnownFileType = file.storyboard; name = Base; path = Base.lproj/LaunchScreen.storyboard; sourceTree = "<group>"; };
		76837C4326D649CF00363FF2 /* Info.plist */ = {isa = PBXFileReference; lastKnownFileType = text.plist.xml; path = Info.plist; sourceTree = "<group>"; };
		76837C4C26D73C2700363FF2 /* TestNotification.entitlements */ = {isa = PBXFileReference; lastKnownFileType = text.plist.entitlements; path = TestNotification.entitlements; sourceTree = "<group>"; };
		76837C4D26D73D2800363FF2 /* GoogleService-Info.plist */ = {isa = PBXFileReference; fileEncoding = 4; lastKnownFileType = text.plist.xml; path = "GoogleService-Info.plist"; sourceTree = "<group>"; };
		76837C5226D73E8100363FF2 /* PushNotification.swift */ = {isa = PBXFileReference; lastKnownFileType = sourcecode.swift; path = PushNotification.swift; sourceTree = "<group>"; };
/* End PBXFileReference section */

/* Begin PBXFrameworksBuildPhase section */
		76837C2F26D649CD00363FF2 /* Frameworks */ = {
			isa = PBXFrameworksBuildPhase;
			buildActionMask = 2147483647;
			files = (
				76837C5126D73E4400363FF2 /* FirebaseMessaging in Frameworks */,
			);
			runOnlyForDeploymentPostprocessing = 0;
		};
/* End PBXFrameworksBuildPhase section */

/* Begin PBXGroup section */
		76837C2926D649CD00363FF2 = {
			isa = PBXGroup;
			children = (
				76837C3426D649CD00363FF2 /* TestNotification */,
				76837C3326D649CD00363FF2 /* Products */,
			);
			sourceTree = "<group>";
		};
		76837C3326D649CD00363FF2 /* Products */ = {
			isa = PBXGroup;
			children = (
				76837C3226D649CD00363FF2 /* TestNotification.app */,
			);
			name = Products;
			sourceTree = "<group>";
		};
		76837C3426D649CD00363FF2 /* TestNotification */ = {
			isa = PBXGroup;
			children = (
				76837C4D26D73D2800363FF2 /* GoogleService-Info.plist */,
				76837C4C26D73C2700363FF2 /* TestNotification.entitlements */,
				76837C3526D649CD00363FF2 /* AppDelegate.swift */,
				76837C3726D649CD00363FF2 /* SceneDelegate.swift */,
				76837C3926D649CD00363FF2 /* ContentView.swift */,
				76837C3B26D649CF00363FF2 /* Assets.xcassets */,
				76837C4026D649CF00363FF2 /* LaunchScreen.storyboard */,
				76837C4326D649CF00363FF2 /* Info.plist */,
				76837C3D26D649CF00363FF2 /* Preview Content */,
				76837C5226D73E8100363FF2 /* PushNotification.swift */,
			);
			path = TestNotification;
			sourceTree = "<group>";
		};
		76837C3D26D649CF00363FF2 /* Preview Content */ = {
			isa = PBXGroup;
			children = (
				76837C3E26D649CF00363FF2 /* Preview Assets.xcassets */,
			);
			path = "Preview Content";
			sourceTree = "<group>";
		};
/* End PBXGroup section */

/* Begin PBXNativeTarget section */
		76837C3126D649CD00363FF2 /* TestNotification */ = {
			isa = PBXNativeTarget;
			buildConfigurationList = 76837C4626D649CF00363FF2 /* Build configuration list for PBXNativeTarget "TestNotification" */;
			buildPhases = (
				76837C2E26D649CD00363FF2 /* Sources */,
				76837C2F26D649CD00363FF2 /* Frameworks */,
				76837C3026D649CD00363FF2 /* Resources */,
			);
			buildRules = (
			);
			dependencies = (
			);
			name = TestNotification;
			packageProductDependencies = (
				76837C5026D73E4400363FF2 /* FirebaseMessaging */,
			);
			productName = TestNotification;
			productReference = 76837C3226D649CD00363FF2 /* TestNotification.app */;
			productType = "com.apple.product-type.application";
		};
/* End PBXNativeTarget section */

/* Begin PBXProject section */
		76837C2A26D649CD00363FF2 /* Project object */ = {
			isa = PBXProject;
			attributes = {
				LastSwiftUpdateCheck = 1250;
				LastUpgradeCheck = 1250;
				TargetAttributes = {
					76837C3126D649CD00363FF2 = {
						CreatedOnToolsVersion = 12.5.1;
					};
				};
			};
			buildConfigurationList = 76837C2D26D649CD00363FF2 /* Build configuration list for PBXProject "TestNotification" */;
			compatibilityVersion = "Xcode 9.3";
			developmentRegion = en;
			hasScannedForEncodings = 0;
			knownRegions = (
				en,
				Base,
			);
			mainGroup = 76837C2926D649CD00363FF2;
			packageReferences = (
				76837C4F26D73E4400363FF2 /* XCRemoteSwiftPackageReference "firebase-ios-sdk" */,
			);
			productRefGroup = 76837C3326D649CD00363FF2 /* Products */;
			projectDirPath = "";
			projectRoot = "";
			targets = (
				76837C3126D649CD00363FF2 /* TestNotification */,
			);
		};
/* End PBXProject section */

/* Begin PBXResourcesBuildPhase section */
		76837C3026D649CD00363FF2 /* Resources */ = {
			isa = PBXResourcesBuildPhase;
			buildActionMask = 2147483647;
			files = (
				76837C4226D649CF00363FF2 /* LaunchScreen.storyboard in Resources */,
				76837C3F26D649CF00363FF2 /* Preview Assets.xcassets in Resources */,
				76837C3C26D649CF00363FF2 /* Assets.xcassets in Resources */,
				76837C4E26D73D2800363FF2 /* GoogleService-Info.plist in Resources */,
			);
			runOnlyForDeploymentPostprocessing = 0;
		};
/* End PBXResourcesBuildPhase section */

/* Begin PBXSourcesBuildPhase section */
		76837C2E26D649CD00363FF2 /* Sources */ = {
			isa = PBXSourcesBuildPhase;
			buildActionMask = 2147483647;
			files = (
				76837C5326D73E8100363FF2 /* PushNotification.swift in Sources */,
				76837C3626D649CD00363FF2 /* AppDelegate.swift in Sources */,
				76837C3826D649CD00363FF2 /* SceneDelegate.swift in Sources */,
				76837C3A26D649CD00363FF2 /* ContentView.swift in Sources */,
			);
			runOnlyForDeploymentPostprocessing = 0;
		};
/* End PBXSourcesBuildPhase section */

/* Begin PBXVariantGroup section */
		76837C4026D649CF00363FF2 /* LaunchScreen.storyboard */ = {
			isa = PBXVariantGroup;
			children = (
				76837C4126D649CF00363FF2 /* Base */,
			);
			name = LaunchScreen.storyboard;
			sourceTree = "<group>";
		};
/* End PBXVariantGroup section */

/* Begin XCBuildConfiguration section */
		76837C4426D649CF00363FF2 /* Debug */ = {
			isa = XCBuildConfiguration;
			buildSettings = {
				ALWAYS_SEARCH_USER_PATHS = NO;
				CLANG_ANALYZER_NONNULL = YES;
				CLANG_ANALYZER_NUMBER_OBJECT_CONVERSION = YES_AGGRESSIVE;
				CLANG_CXX_LANGUAGE_STANDARD = "gnu++14";
				CLANG_CXX_LIBRARY = "libc++";
				CLANG_ENABLE_MODULES = YES;
				CLANG_ENABLE_OBJC_ARC = YES;
				CLANG_ENABLE_OBJC_WEAK = YES;
				CLANG_WARN_BLOCK_CAPTURE_AUTORELEASING = YES;
				CLANG_WARN_BOOL_CONVERSION = YES;
				CLANG_WARN_COMMA = YES;
				CLANG_WARN_CONSTANT_CONVERSION = YES;
				CLANG_WARN_DEPRECATED_OBJC_IMPLEMENTATIONS = YES;
				CLANG_WARN_DIRECT_OBJC_ISA_USAGE = YES_ERROR;
				CLANG_WARN_DOCUMENTATION_COMMENTS = YES;
				CLANG_WARN_EMPTY_BODY = YES;
				CLANG_WARN_ENUM_CONVERSION = YES;
				CLANG_WARN_INFINITE_RECURSION = YES;
				CLANG_WARN_INT_CONVERSION = YES;
				CLANG_WARN_NON_LITERAL_NULL_CONVERSION = YES;
				CLANG_WARN_OBJC_IMPLICIT_RETAIN_SELF = YES;
				CLANG_WARN_OBJC_LITERAL_CONVERSION = YES;
				CLANG_WARN_OBJC_ROOT_CLASS = YES_ERROR;
				CLANG_WARN_QUOTED_INCLUDE_IN_FRAMEWORK_HEADER = YES;
				CLANG_WARN_RANGE_LOOP_ANALYSIS = YES;
				CLANG_WARN_STRICT_PROTOTYPES = YES;
				CLANG_WARN_SUSPICIOUS_MOVE = YES;
				CLANG_WARN_UNGUARDED_AVAILABILITY = YES_AGGRESSIVE;
				CLANG_WARN_UNREACHABLE_CODE = YES;
				CLANG_WARN__DUPLICATE_METHOD_MATCH = YES;
				COPY_PHASE_STRIP = NO;
				DEBUG_INFORMATION_FORMAT = dwarf;
				ENABLE_STRICT_OBJC_MSGSEND = YES;
				ENABLE_TESTABILITY = YES;
				GCC_C_LANGUAGE_STANDARD = gnu11;
				GCC_DYNAMIC_NO_PIC = NO;
				GCC_NO_COMMON_BLOCKS = YES;
				GCC_OPTIMIZATION_LEVEL = 0;
				GCC_PREPROCESSOR_DEFINITIONS = (
					"DEBUG=1",
					"$(inherited)",
				);
				GCC_WARN_64_TO_32_BIT_CONVERSION = YES;
				GCC_WARN_ABOUT_RETURN_TYPE = YES_ERROR;
				GCC_WARN_UNDECLARED_SELECTOR = YES;
				GCC_WARN_UNINITIALIZED_AUTOS = YES_AGGRESSIVE;
				GCC_WARN_UNUSED_FUNCTION = YES;
				GCC_WARN_UNUSED_VARIABLE = YES;
				IPHONEOS_DEPLOYMENT_TARGET = 14.5;
				MTL_ENABLE_DEBUG_INFO = INCLUDE_SOURCE;
				MTL_FAST_MATH = YES;
				ONLY_ACTIVE_ARCH = YES;
				SDKROOT = iphoneos;
				SWIFT_ACTIVE_COMPILATION_CONDITIONS = DEBUG;
				SWIFT_OPTIMIZATION_LEVEL = "-Onone";
			};
			name = Debug;
		};
		76837C4526D649CF00363FF2 /* Release */ = {
			isa = XCBuildConfiguration;
			buildSettings = {
				ALWAYS_SEARCH_USER_PATHS = NO;
				CLANG_ANALYZER_NONNULL = YES;
				CLANG_ANALYZER_NUMBER_OBJECT_CONVERSION = YES_AGGRESSIVE;
				CLANG_CXX_LANGUAGE_STANDARD = "gnu++14";
				CLANG_CXX_LIBRARY = "libc++";
				CLANG_ENABLE_MODULES = YES;
				CLANG_ENABLE_OBJC_ARC = YES;
				CLANG_ENABLE_OBJC_WEAK = YES;
				CLANG_WARN_BLOCK_CAPTURE_AUTORELEASING = YES;
				CLANG_WARN_BOOL_CONVERSION = YES;
				CLANG_WARN_COMMA = YES;
				CLANG_WARN_CONSTANT_CONVERSION = YES;
				CLANG_WARN_DEPRECATED_OBJC_IMPLEMENTATIONS = YES;
				CLANG_WARN_DIRECT_OBJC_ISA_USAGE = YES_ERROR;
				CLANG_WARN_DOCUMENTATION_COMMENTS = YES;
				CLANG_WARN_EMPTY_BODY = YES;
				CLANG_WARN_ENUM_CONVERSION = YES;
				CLANG_WARN_INFINITE_RECURSION = YES;
				CLANG_WARN_INT_CONVERSION = YES;
				CLANG_WARN_NON_LITERAL_NULL_CONVERSION = YES;
				CLANG_WARN_OBJC_IMPLICIT_RETAIN_SELF = YES;
				CLANG_WARN_OBJC_LITERAL_CONVERSION = YES;
				CLANG_WARN_OBJC_ROOT_CLASS = YES_ERROR;
				CLANG_WARN_QUOTED_INCLUDE_IN_FRAMEWORK_HEADER = YES;
				CLANG_WARN_RANGE_LOOP_ANALYSIS = YES;
				CLANG_WARN_STRICT_PROTOTYPES = YES;
				CLANG_WARN_SUSPICIOUS_MOVE = YES;
				CLANG_WARN_UNGUARDED_AVAILABILITY = YES_AGGRESSIVE;
				CLANG_WARN_UNREACHABLE_CODE = YES;
				CLANG_WARN__DUPLICATE_METHOD_MATCH = YES;
				COPY_PHASE_STRIP = NO;
				DEBUG_INFORMATION_FORMAT = "dwarf-with-dsym";
				ENABLE_NS_ASSERTIONS = NO;
				ENABLE_STRICT_OBJC_MSGSEND = YES;
				GCC_C_LANGUAGE_STANDARD = gnu11;
				GCC_NO_COMMON_BLOCKS = YES;
				GCC_WARN_64_TO_32_BIT_CONVERSION = YES;
				GCC_WARN_ABOUT_RETURN_TYPE = YES_ERROR;
				GCC_WARN_UNDECLARED_SELECTOR = YES;
				GCC_WARN_UNINITIALIZED_AUTOS = YES_AGGRESSIVE;
				GCC_WARN_UNUSED_FUNCTION = YES;
				GCC_WARN_UNUSED_VARIABLE = YES;
				IPHONEOS_DEPLOYMENT_TARGET = 14.5;
				MTL_ENABLE_DEBUG_INFO = NO;
				MTL_FAST_MATH = YES;
				SDKROOT = iphoneos;
				SWIFT_COMPILATION_MODE = wholemodule;
				SWIFT_OPTIMIZATION_LEVEL = "-O";
				VALIDATE_PRODUCT = YES;
			};
			name = Release;
		};
		76837C4726D649CF00363FF2 /* Debug */ = {
			isa = XCBuildConfiguration;
			buildSettings = {
				ASSETCATALOG_COMPILER_APPICON_NAME = AppIcon;
				ASSETCATALOG_COMPILER_GLOBAL_ACCENT_COLOR_NAME = AccentColor;
				CODE_SIGN_ENTITLEMENTS = TestNotification/TestNotification.entitlements;
				CODE_SIGN_STYLE = Automatic;
				DEVELOPMENT_ASSET_PATHS = "\"TestNotification/Preview Content\"";
				ENABLE_PREVIEWS = YES;
				INFOPLIST_FILE = TestNotification/Info.plist;
				IPHONEOS_DEPLOYMENT_TARGET = 14.1;
				LD_RUNPATH_SEARCH_PATHS = (
					"$(inherited)",
					"@executable_path/Frameworks",
				);
				PRODUCT_BUNDLE_IDENTIFIER = fcode.TestNotification;
				PRODUCT_NAME = "$(TARGET_NAME)";
				SWIFT_VERSION = 5.0;
				TARGETED_DEVICE_FAMILY = "1,2";
			};
			name = Debug;
		};
		76837C4826D649CF00363FF2 /* Release */ = {
			isa = XCBuildConfiguration;
			buildSettings = {
				ASSETCATALOG_COMPILER_APPICON_NAME = AppIcon;
				ASSETCATALOG_COMPILER_GLOBAL_ACCENT_COLOR_NAME = AccentColor;
				CODE_SIGN_ENTITLEMENTS = TestNotification/TestNotification.entitlements;
				CODE_SIGN_STYLE = Automatic;
				DEVELOPMENT_ASSET_PATHS = "\"TestNotification/Preview Content\"";
				ENABLE_PREVIEWS = YES;
				INFOPLIST_FILE = TestNotification/Info.plist;
				IPHONEOS_DEPLOYMENT_TARGET = 14.1;
				LD_RUNPATH_SEARCH_PATHS = (
					"$(inherited)",
					"@executable_path/Frameworks",
				);
				PRODUCT_BUNDLE_IDENTIFIER = fcode.TestNotification;
				PRODUCT_NAME = "$(TARGET_NAME)";
				SWIFT_VERSION = 5.0;
				TARGETED_DEVICE_FAMILY = "1,2";
			};
			name = Release;
		};
/* End XCBuildConfiguration section */

/* Begin XCConfigurationList section */
		76837C2D26D649CD00363FF2 /* Build configuration list for PBXProject "TestNotification" */ = {
			isa = XCConfigurationList;
			buildConfigurations = (
				76837C4426D649CF00363FF2 /* Debug */,
				76837C4526D649CF00363FF2 /* Release */,
			);
			defaultConfigurationIsVisible = 0;
			defaultConfigurationName = Release;
		};
		76837C4626D649CF00363FF2 /* Build configuration list for PBXNativeTarget "TestNotification" */ = {
			isa = XCConfigurationList;
			buildConfigurations = (
				76837C4726D649CF00363FF2 /* Debug */,
				76837C4826D649CF00363FF2 /* Release */,
			);
			defaultConfigurationIsVisible = 0;
			defaultConfigurationName = Release;
		};
/* End XCConfigurationList section */

/* Begin XCRemoteSwiftPackageReference section */
		76837C4F26D73E4400363FF2 /* XCRemoteSwiftPackageReference "firebase-ios-sdk" */ = {
			isa = XCRemoteSwiftPackageReference;
			repositoryURL = "https://github.com/firebase/firebase-ios-sdk.git";
			requirement = {
				kind = upToNextMajorVersion;
				minimumVersion = 8.6.0;
			};
		};
/* End XCRemoteSwiftPackageReference section */

/* Begin XCSwiftPackageProductDependency section */
		76837C5026D73E4400363FF2 /* FirebaseMessaging */ = {
			isa = XCSwiftPackageProductDependency;
			package = 76837C4F26D73E4400363FF2 /* XCRemoteSwiftPackageReference "firebase-ios-sdk" */;
			productName = FirebaseMessaging;
		};
/* End XCSwiftPackageProductDependency section */
	};
	rootObject = 76837C2A26D649CD00363FF2 /* Project object */;
}
